<Solution>
  <Folder Name="/src/">
    <Project Path="src/Labotech.Frappe.Core/Labotech.Frappe.Core.csproj" />
    <Project Path="src/Labotech.Frappe.Connector/Labotech.Frappe.Connector.csproj" />
    <Project Path="src/Labotech.Frappe.Data/Labotech.Frappe.Data.csproj" />
  </Folder>
  <Folder Name="/tests/">
    <Project Path="tests/Labotech.Frappe.Connector.Tests/Labotech.Frappe.Connector.Tests.csproj" />
  </Folder>
</Solution>
